<?xml version="1.0" encoding="utf-8"?>
<Project ToolsVersion="4.0" xmlns="http://schemas.microsoft.com/developer/msbuild/2003">
  <ItemGroup>
    <Filter Include="Util">
      <UniqueIdentifier>{24b03c50-9271-48c1-9603-d6c5739bf3fe}</UniqueIdentifier>
    </Filter>
    <Filter Include="Windows">
      <UniqueIdentifier>{5809f0b5-72af-4ab4-92bd-72855dae7d34}</UniqueIdentifier>
    </Filter>
    <Filter Include="Engine">
      <UniqueIdentifier>{31aa8a81-97a0-41b7-b973-e9693c54949f}</UniqueIdentifier>
    </Filter>
    <Filter Include="Rendering">
      <UniqueIdentifier>{dc4106af-5f8d-43d7-a7f1-81a983aefb8e}</UniqueIdentifier>
    </Filter>
    <Filter Include="Editor">
      <UniqueIdentifier>{9af00886-031e-4f55-b168-372b46c713a3}</UniqueIdentifier>
    </Filter>
    <Filter Include="ImGui">
      <UniqueIdentifier>{092ecdd6-dc4f-4e9e-96f0-4d1ba301c3a5}</UniqueIdentifier>
    </Filter>
    <Filter Include="Rendering\Shaders">
      <UniqueIdentifier>{f41f7408-7d36-4d46-ae3e-4dd027df9173}</UniqueIdentifier>
    </Filter>
    <Filter Include="Rendering\GameObjects">
      <UniqueIdentifier>{7c0ae14d-7968-4aff-8d57-08719c478b8d}</UniqueIdentifier>
    </Filter>
    <Filter Include="ECS">
      <UniqueIdentifier>{4afe7335-1b6c-4528-85d1-3e1fd3504a5e}</UniqueIdentifier>
    </Filter>
  </ItemGroup>
  <ItemGroup>
    <ClInclude Include="pch.h">
      <Filter>Util</Filter>
    </ClInclude>
    <ClInclude Include="Engine\BlackJawz.h">
      <Filter>Engine</Filter>
    </ClInclude>
    <ClInclude Include="Rendering\Rendering.h">
      <Filter>Rendering</Filter>
    </ClInclude>
    <ClInclude Include="Windows\Application.h">
      <Filter>Windows</Filter>
    </ClInclude>
    <ClInclude Include="Editor\Editor.h">
      <Filter>Editor</Filter>
    </ClInclude>
    <ClInclude Include="ImGui\imconfig.h">
      <Filter>ImGui</Filter>
    </ClInclude>
    <ClInclude Include="ImGui\imgui.h">
      <Filter>ImGui</Filter>
    </ClInclude>
    <ClInclude Include="ImGui\imgui_impl_dx11.h">
      <Filter>ImGui</Filter>
    </ClInclude>
    <ClInclude Include="ImGui\imgui_impl_win32.h">
      <Filter>ImGui</Filter>
    </ClInclude>
    <ClInclude Include="ImGui\imgui_internal.h">
      <Filter>ImGui</Filter>
    </ClInclude>
    <ClInclude Include="ImGui\imstb_rectpack.h">
      <Filter>ImGui</Filter>
    </ClInclude>
    <ClInclude Include="ImGui\imstb_textedit.h">
      <Filter>ImGui</Filter>
    </ClInclude>
    <ClInclude Include="ImGui\imstb_truetype.h">
      <Filter>ImGui</Filter>
    </ClInclude>
    <ClInclude Include="Util\ID3D11Functions.h">
      <Filter>Util</Filter>
    </ClInclude>
    <ClInclude Include="Editor\EditorCamera.h">
      <Filter>Editor</Filter>
    </ClInclude>
    <ClInclude Include="Rendering\GameObjects\Appearance.h">
      <Filter>Rendering\GameObjects</Filter>
    </ClInclude>
    <ClInclude Include="Rendering\GameObjects\GameObject.h">
      <Filter>Rendering\GameObjects</Filter>
    </ClInclude>
    <ClInclude Include="Rendering\GameObjects\Transform.h">
      <Filter>Rendering\GameObjects</Filter>
    </ClInclude>
    <ClInclude Include="ECS\EntityManager.h">
      <Filter>ECS</Filter>
    </ClInclude>
    <ClInclude Include="ECS\ComponentArray.h">
      <Filter>ECS</Filter>
    </ClInclude>
    <ClInclude Include="ECS\SystemManager.h">
      <Filter>ECS</Filter>
    </ClInclude>
  </ItemGroup>
  <ItemGroup>
    <ClCompile Include="pch.cpp">
      <Filter>Util</Filter>
    </ClCompile>
    <ClCompile Include="Engine\BlackJawz.cpp">
      <Filter>Engine</Filter>
    </ClCompile>
    <ClCompile Include="Rendering\Rendering.cpp">
      <Filter>Rendering</Filter>
    </ClCompile>
    <ClCompile Include="Windows\Application.cpp">
      <Filter>Windows</Filter>
    </ClCompile>
    <ClCompile Include="Editor\Editor.cpp">
      <Filter>Editor</Filter>
    </ClCompile>
    <ClCompile Include="ImGui\imgui.cpp">
      <Filter>ImGui</Filter>
    </ClCompile>
    <ClCompile Include="ImGui\imgui_demo.cpp">
      <Filter>ImGui</Filter>
    </ClCompile>
    <ClCompile Include="ImGui\imgui_draw.cpp">
      <Filter>ImGui</Filter>
    </ClCompile>
    <ClCompile Include="ImGui\imgui_impl_dx11.cpp">
      <Filter>ImGui</Filter>
    </ClCompile>
    <ClCompile Include="ImGui\imgui_impl_win32.cpp">
      <Filter>ImGui</Filter>
    </ClCompile>
    <ClCompile Include="ImGui\imgui_tables.cpp">
      <Filter>ImGui</Filter>
    </ClCompile>
    <ClCompile Include="ImGui\imgui_widgets.cpp">
      <Filter>ImGui</Filter>
    </ClCompile>
    <ClCompile Include="Util\ID3D11Functions.cpp">
      <Filter>Util</Filter>
    </ClCompile>
    <ClCompile Include="Editor\EditorCamera.cpp">
      <Filter>Editor</Filter>
    </ClCompile>
    <ClCompile Include="Rendering\GameObjects\Appearance.cpp">
      <Filter>Rendering\GameObjects</Filter>
    </ClCompile>
    <ClCompile Include="Rendering\GameObjects\GameObject.cpp">
      <Filter>Rendering\GameObjects</Filter>
    </ClCompile>
    <ClCompile Include="Rendering\GameObjects\Transform.cpp">
      <Filter>Rendering\GameObjects</Filter>
    </ClCompile>
    <ClCompile Include="ECS\EntityManager.cpp">
      <Filter>ECS</Filter>
    </ClCompile>
    <ClCompile Include="ECS\ComponentArray.cpp">
      <Filter>ECS</Filter>
    </ClCompile>
    <ClCompile Include="ECS\SystemManager.cpp">
      <Filter>ECS</Filter>
    </ClCompile>
  </ItemGroup>
  <ItemGroup>
    <FxCompile Include="Rendering\Shaders\shader.hlsl">
      <Filter>Rendering\Shaders</Filter>
    </FxCompile>
  </ItemGroup>
</Project>